{
  "version": 4,
  "terraform_version": "1.6.0",
  "serial": 71,
  "lineage": "f24a5f9e-5548-bc97-5c55-dd620a591057",
  "outputs": {
    "jenkins_master_public_ip": {
      "value": "18.236.158.188",
      "type": "string"
    },
    "jenkins_worker_id": {
      "value": "i-00d5ed886fa5b7e6a",
      "type": "string"
    },
    "private_key_path": {
      "value": "/home/sandra/.ssh/my_generated_key.pem",
      "type": "string"
    },
    "s3-bucket-name": {
      "value": "s3-bucket-step-project3",
      "type": "string"
    }
  },
  "resources": [
    {
      "mode": "managed",
      "type": "aws_eip",
      "name": "nat",
      "provider": "provider[\"registry.terraform.io/hashicorp/aws\"]",
      "instances": [
        {
          "schema_version": 0,
          "attributes": {
            "address": null,
            "allocation_id": "eipalloc-039bab6105e711ca8",
            "arn": "arn:aws:ec2:us-west-2:314146331566:elastic-ip/eipalloc-039bab6105e711ca8",
            "associate_with_private_ip": null,
            "association_id": "",
            "carrier_ip": "",
            "customer_owned_ip": "",
            "customer_owned_ipv4_pool": "",
            "domain": "vpc",
            "id": "eipalloc-039bab6105e711ca8",
            "instance": "",
            "ipam_pool_id": null,
            "network_border_group": "us-west-2",
            "network_interface": "",
            "private_dns": null,
            "private_ip": "",
            "ptr_record": "",
            "public_dns": "ec2-35-83-9-117.us-west-2.compute.amazonaws.com",
            "public_ip": "35.83.9.117",
            "public_ipv4_pool": "amazon",
            "tags": null,
            "tags_all": {},
            "timeouts": null,
            "vpc": true
          },
          "sensitive_attributes": [],
          "private": "eyJlMmJmYjczMC1lY2FhLTExZTYtOGY4OC0zNDM2M2JjN2M0YzAiOnsiZGVsZXRlIjoxODAwMDAwMDAwMDAsInJlYWQiOjkwMDAwMDAwMDAwMCwidXBkYXRlIjozMDAwMDAwMDAwMDB9fQ=="
        }
      ]
    },
    {
      "mode": "managed",
      "type": "aws_instance",
      "name": "jenkins_master",
      "provider": "provider[\"registry.terraform.io/hashicorp/aws\"]",
      "instances": [
        {
          "schema_version": 1,
          "attributes": {
            "ami": "ami-03a3d9016478661d6",
            "arn": "arn:aws:ec2:us-west-2:314146331566:instance/i-0236e2ee22699c62f",
            "associate_public_ip_address": true,
            "availability_zone": "us-west-2a",
            "capacity_reservation_specification": [
              {
                "capacity_reservation_preference": "open",
                "capacity_reservation_target": []
              }
            ],
            "cpu_core_count": 1,
            "cpu_options": [
              {
                "amd_sev_snp": "",
                "core_count": 1,
                "threads_per_core": 1
              }
            ],
            "cpu_threads_per_core": 1,
            "credit_specification": [
              {
                "cpu_credits": "standard"
              }
            ],
            "disable_api_stop": false,
            "disable_api_termination": false,
            "ebs_block_device": [],
            "ebs_optimized": false,
            "enable_primary_ipv6": null,
            "enclave_options": [
              {
                "enabled": false
              }
            ],
            "ephemeral_block_device": [],
            "get_password_data": false,
            "hibernation": false,
            "host_id": "",
            "host_resource_group_arn": null,
            "iam_instance_profile": "",
            "id": "i-0236e2ee22699c62f",
            "instance_initiated_shutdown_behavior": "stop",
            "instance_lifecycle": "",
            "instance_market_options": [],
            "instance_state": "running",
            "instance_type": "t2.micro",
            "ipv6_address_count": 0,
            "ipv6_addresses": [],
            "key_name": "my_generated_key",
            "launch_template": [],
            "maintenance_options": [
              {
                "auto_recovery": "default"
              }
            ],
            "metadata_options": [
              {
                "http_endpoint": "enabled",
                "http_protocol_ipv6": "disabled",
                "http_put_response_hop_limit": 1,
                "http_tokens": "optional",
                "instance_metadata_tags": "disabled"
              }
            ],
            "monitoring": false,
            "network_interface": [],
            "outpost_arn": "",
            "password_data": "",
            "placement_group": "",
            "placement_partition_number": 0,
            "primary_network_interface_id": "eni-0701e92212fc242b8",
            "private_dns": "ip-10-0-1-218.us-west-2.compute.internal",
            "private_dns_name_options": [
              {
                "enable_resource_name_dns_a_record": false,
                "enable_resource_name_dns_aaaa_record": false,
                "hostname_type": "ip-name"
              }
            ],
            "private_ip": "10.0.1.218",
            "public_dns": "",
            "public_ip": "18.236.158.188",
            "root_block_device": [
              {
                "delete_on_termination": true,
                "device_name": "/dev/sda1",
                "encrypted": false,
                "iops": 100,
                "kms_key_id": "",
                "tags": {},
                "tags_all": {},
                "throughput": 0,
                "volume_id": "vol-0fc13c8a5f087ebe1",
                "volume_size": 8,
                "volume_type": "gp2"
              }
            ],
            "secondary_private_ips": [],
            "security_groups": [],
            "source_dest_check": true,
            "spot_instance_request_id": "",
            "subnet_id": "subnet-06271db596eee71b0",
            "tags": {
              "Name": "Jenkins Master"
            },
            "tags_all": {
              "Name": "Jenkins Master"
            },
            "tenancy": "default",
            "timeouts": null,
            "user_data": "2efb1ac7c78349ce6f760a5fe17a457a2c45bb24",
            "user_data_base64": null,
            "user_data_replace_on_change": false,
            "volume_tags": null,
            "vpc_security_group_ids": [
              "sg-08ed481ea06413837"
            ]
          },
          "sensitive_attributes": [],
          "private": "eyJlMmJmYjczMC1lY2FhLTExZTYtOGY4OC0zNDM2M2JjN2M0YzAiOnsiY3JlYXRlIjo2MDAwMDAwMDAwMDAsImRlbGV0ZSI6MTIwMDAwMDAwMDAwMCwicmVhZCI6OTAwMDAwMDAwMDAwLCJ1cGRhdGUiOjYwMDAwMDAwMDAwMH0sInNjaGVtYV92ZXJzaW9uIjoiMSJ9",
          "dependencies": [
            "aws_key_pair.generated_key",
            "aws_security_group.jenkins-sg-step3",
            "aws_subnet.public",
            "aws_vpc.main"
          ]
        }
      ]
    },
    {
      "mode": "managed",
      "type": "aws_instance",
      "name": "jenkins_worker",
      "provider": "provider[\"registry.terraform.io/hashicorp/aws\"]",
      "instances": [
        {
          "schema_version": 1,
          "attributes": {
            "ami": "ami-03a3d9016478661d6",
            "arn": "arn:aws:ec2:us-west-2:314146331566:instance/i-00d5ed886fa5b7e6a",
            "associate_public_ip_address": false,
            "availability_zone": "us-west-2a",
            "capacity_reservation_specification": [
              {
                "capacity_reservation_preference": "open",
                "capacity_reservation_target": []
              }
            ],
            "cpu_core_count": 1,
            "cpu_options": [
              {
                "amd_sev_snp": "",
                "core_count": 1,
                "threads_per_core": 1
              }
            ],
            "cpu_threads_per_core": 1,
            "credit_specification": [
              {
                "cpu_credits": "standard"
              }
            ],
            "disable_api_stop": false,
            "disable_api_termination": false,
            "ebs_block_device": [],
            "ebs_optimized": false,
            "enable_primary_ipv6": null,
            "enclave_options": [
              {
                "enabled": false
              }
            ],
            "ephemeral_block_device": [],
            "get_password_data": false,
            "hibernation": false,
            "host_id": "",
            "host_resource_group_arn": null,
            "iam_instance_profile": "",
            "id": "i-00d5ed886fa5b7e6a",
            "instance_initiated_shutdown_behavior": "stop",
            "instance_lifecycle": "",
            "instance_market_options": [],
            "instance_state": "running",
            "instance_type": "t2.micro",
            "ipv6_address_count": 0,
            "ipv6_addresses": [],
            "key_name": "my_generated_key",
            "launch_template": [],
            "maintenance_options": [
              {
                "auto_recovery": "default"
              }
            ],
            "metadata_options": [
              {
                "http_endpoint": "enabled",
                "http_protocol_ipv6": "disabled",
                "http_put_response_hop_limit": 1,
                "http_tokens": "optional",
                "instance_metadata_tags": "disabled"
              }
            ],
            "monitoring": false,
            "network_interface": [],
            "outpost_arn": "",
            "password_data": "",
            "placement_group": "",
            "placement_partition_number": 0,
            "primary_network_interface_id": "eni-0f0d5f09ed8302039",
            "private_dns": "ip-10-0-2-40.us-west-2.compute.internal",
            "private_dns_name_options": [
              {
                "enable_resource_name_dns_a_record": false,
                "enable_resource_name_dns_aaaa_record": false,
                "hostname_type": "ip-name"
              }
            ],
            "private_ip": "10.0.2.40",
            "public_dns": "",
            "public_ip": "",
            "root_block_device": [
              {
                "delete_on_termination": true,
                "device_name": "/dev/sda1",
                "encrypted": false,
                "iops": 100,
                "kms_key_id": "",
                "tags": {},
                "tags_all": {},
                "throughput": 0,
                "volume_id": "vol-08cf93bb7681be263",
                "volume_size": 8,
                "volume_type": "gp2"
              }
            ],
            "secondary_private_ips": [],
            "security_groups": [],
            "source_dest_check": true,
            "spot_instance_request_id": "",
            "subnet_id": "subnet-09e4515641b42863f",
            "tags": {
              "Name": "Jenkins Worker"
            },
            "tags_all": {
              "Name": "Jenkins Worker"
            },
            "tenancy": "default",
            "timeouts": null,
            "user_data": "1fe2302ab15defb583c645a484b37e5f99a5b418",
            "user_data_base64": null,
            "user_data_replace_on_change": false,
            "volume_tags": null,
            "vpc_security_group_ids": [
              "sg-08ed481ea06413837"
            ]
          },
          "sensitive_attributes": [],
          "private": "eyJlMmJmYjczMC1lY2FhLTExZTYtOGY4OC0zNDM2M2JjN2M0YzAiOnsiY3JlYXRlIjo2MDAwMDAwMDAwMDAsImRlbGV0ZSI6MTIwMDAwMDAwMDAwMCwicmVhZCI6OTAwMDAwMDAwMDAwLCJ1cGRhdGUiOjYwMDAwMDAwMDAwMH0sInNjaGVtYV92ZXJzaW9uIjoiMSJ9",
          "dependencies": [
            "aws_key_pair.generated_key",
            "aws_security_group.jenkins-sg-step3",
            "aws_subnet.private",
            "aws_vpc.main"
          ]
        }
      ]
    },
    {
      "mode": "managed",
      "type": "aws_internet_gateway",
      "name": "main",
      "provider": "provider[\"registry.terraform.io/hashicorp/aws\"]",
      "instances": [
        {
          "schema_version": 0,
          "attributes": {
            "arn": "arn:aws:ec2:us-west-2:314146331566:internet-gateway/igw-0f155ea83bdf47521",
            "id": "igw-0f155ea83bdf47521",
            "owner_id": "314146331566",
            "tags": {
              "Name": "Main Internet Gateway"
            },
            "tags_all": {
              "Name": "Main Internet Gateway"
            },
            "timeouts": null,
            "vpc_id": "vpc-00384bd46f8cf60d9"
          },
          "sensitive_attributes": [],
          "private": "eyJlMmJmYjczMC1lY2FhLTExZTYtOGY4OC0zNDM2M2JjN2M0YzAiOnsiY3JlYXRlIjoxMjAwMDAwMDAwMDAwLCJkZWxldGUiOjEyMDAwMDAwMDAwMDAsInVwZGF0ZSI6MTIwMDAwMDAwMDAwMH19",
          "dependencies": [
            "aws_vpc.main"
          ]
        }
      ]
    },
    {
      "mode": "managed",
      "type": "aws_key_pair",
      "name": "generated_key",
      "provider": "provider[\"registry.terraform.io/hashicorp/aws\"]",
      "instances": [
        {
          "schema_version": 1,
          "attributes": {
            "arn": "arn:aws:ec2:us-west-2:314146331566:key-pair/my_generated_key",
            "fingerprint": "17:d6:65:90:d7:25:79:54:ff:4b:6c:8e:8d:78:73:01",
            "id": "my_generated_key",
            "key_name": "my_generated_key",
            "key_name_prefix": "",
            "key_pair_id": "key-0ac8e32f1b30956a0",
            "key_type": "rsa",
            "public_key": "ssh-rsa AAAAB3NzaC1yc2EAAAADAQABAAABAQC6nPoVglywlEaoSNZ75PWxkiKkrMPxLUHgLqj6No1Ip9552XcOmJPhj6YjqXv5DqtYzpqlmmk6xNVcGMHwkWb8i2rSaUaxCrQ9q5pKQBs23yfUeTy8ig9UaZlUP50rLVnsdvgZ7PK03OB3P4mRupJhUMz+vzfvQZ4YXBNE8QzYLcls4WgSTFS7oVvTfCQ3ebiTRCEBqSfVjKGrSXfy7jhXkkC6qcCjfFdOFZQYZpA3sHTJ/Z4JPoXCJPXx/Kwk+yWqvp8CHILQiIvx5HXSme1rS/t/PQXUosaUjivuBHuucwu2iD0rnh2eH9z1I2iezu6eT+6rlKjZ/TPTxip7vCtz root@step3",
            "tags": null,
            "tags_all": {}
          },
          "sensitive_attributes": [],
          "private": "eyJzY2hlbWFfdmVyc2lvbiI6IjEifQ=="
        }
      ]
    },
    {
      "mode": "managed",
      "type": "aws_nat_gateway",
      "name": "main",
      "provider": "provider[\"registry.terraform.io/hashicorp/aws\"]",
      "instances": [
        {
          "schema_version": 0,
          "attributes": {
            "allocation_id": "eipalloc-039bab6105e711ca8",
            "association_id": "eipassoc-00ccc930f60196761",
            "connectivity_type": "public",
            "id": "nat-0f9d1ad0ee43f71a8",
            "network_interface_id": "eni-0a887577921e70e3e",
            "private_ip": "10.0.1.138",
            "public_ip": "35.83.9.117",
            "secondary_allocation_ids": null,
            "secondary_private_ip_address_count": 0,
            "secondary_private_ip_addresses": [],
            "subnet_id": "subnet-06271db596eee71b0",
            "tags": {
              "Name": "Main NAT Gateway"
            },
            "tags_all": {
              "Name": "Main NAT Gateway"
            },
            "timeouts": null
          },
          "sensitive_attributes": [],
          "private": "eyJlMmJmYjczMC1lY2FhLTExZTYtOGY4OC0zNDM2M2JjN2M0YzAiOnsiY3JlYXRlIjo2MDAwMDAwMDAwMDAsImRlbGV0ZSI6MTgwMDAwMDAwMDAwMCwidXBkYXRlIjo2MDAwMDAwMDAwMDB9fQ==",
          "dependencies": [
            "aws_eip.nat",
            "aws_subnet.public",
            "aws_vpc.main"
          ]
        }
      ]
    },
    {
      "mode": "managed",
      "type": "aws_route_table",
      "name": "private",
      "provider": "provider[\"registry.terraform.io/hashicorp/aws\"]",
      "instances": [
        {
          "schema_version": 0,
          "attributes": {
            "arn": "arn:aws:ec2:us-west-2:314146331566:route-table/rtb-0ec62ecea51f7f495",
            "id": "rtb-0ec62ecea51f7f495",
            "owner_id": "314146331566",
            "propagating_vgws": [],
            "route": [
              {
                "carrier_gateway_id": "",
                "cidr_block": "0.0.0.0/0",
                "core_network_arn": "",
                "destination_prefix_list_id": "",
                "egress_only_gateway_id": "",
                "gateway_id": "",
                "ipv6_cidr_block": "",
                "local_gateway_id": "",
                "nat_gateway_id": "nat-0f9d1ad0ee43f71a8",
                "network_interface_id": "",
                "transit_gateway_id": "",
                "vpc_endpoint_id": "",
                "vpc_peering_connection_id": ""
              }
            ],
            "tags": {
              "Name": "Private Route Table"
            },
            "tags_all": {
              "Name": "Private Route Table"
            },
            "timeouts": null,
            "vpc_id": "vpc-00384bd46f8cf60d9"
          },
          "sensitive_attributes": [],
          "private": "eyJlMmJmYjczMC1lY2FhLTExZTYtOGY4OC0zNDM2M2JjN2M0YzAiOnsiY3JlYXRlIjozMDAwMDAwMDAwMDAsImRlbGV0ZSI6MzAwMDAwMDAwMDAwLCJ1cGRhdGUiOjEyMDAwMDAwMDAwMH19",
          "dependencies": [
            "aws_eip.nat",
            "aws_nat_gateway.main",
            "aws_subnet.public",
            "aws_vpc.main"
          ]
        }
      ]
    },
    {
      "mode": "managed",
      "type": "aws_route_table",
      "name": "public",
      "provider": "provider[\"registry.terraform.io/hashicorp/aws\"]",
      "instances": [
        {
          "schema_version": 0,
          "attributes": {
            "arn": "arn:aws:ec2:us-west-2:314146331566:route-table/rtb-0db66287dc3328c65",
            "id": "rtb-0db66287dc3328c65",
            "owner_id": "314146331566",
            "propagating_vgws": [],
            "route": [
              {
                "carrier_gateway_id": "",
                "cidr_block": "0.0.0.0/0",
                "core_network_arn": "",
                "destination_prefix_list_id": "",
                "egress_only_gateway_id": "",
                "gateway_id": "igw-0f155ea83bdf47521",
                "ipv6_cidr_block": "",
                "local_gateway_id": "",
                "nat_gateway_id": "",
                "network_interface_id": "",
                "transit_gateway_id": "",
                "vpc_endpoint_id": "",
                "vpc_peering_connection_id": ""
              }
            ],
            "tags": {
              "Name": "Public Route Table"
            },
            "tags_all": {
              "Name": "Public Route Table"
            },
            "timeouts": null,
            "vpc_id": "vpc-00384bd46f8cf60d9"
          },
          "sensitive_attributes": [],
          "private": "eyJlMmJmYjczMC1lY2FhLTExZTYtOGY4OC0zNDM2M2JjN2M0YzAiOnsiY3JlYXRlIjozMDAwMDAwMDAwMDAsImRlbGV0ZSI6MzAwMDAwMDAwMDAwLCJ1cGRhdGUiOjEyMDAwMDAwMDAwMH19",
          "dependencies": [
            "aws_internet_gateway.main",
            "aws_vpc.main"
          ]
        }
      ]
    },
    {
      "mode": "managed",
      "type": "aws_route_table_association",
      "name": "private",
      "provider": "provider[\"registry.terraform.io/hashicorp/aws\"]",
      "instances": [
        {
          "schema_version": 0,
          "attributes": {
            "gateway_id": "",
            "id": "rtbassoc-09c7d1d804bf4f991",
            "route_table_id": "rtb-0ec62ecea51f7f495",
            "subnet_id": "subnet-09e4515641b42863f",
            "timeouts": null
          },
          "sensitive_attributes": [],
          "private": "eyJlMmJmYjczMC1lY2FhLTExZTYtOGY4OC0zNDM2M2JjN2M0YzAiOnsiY3JlYXRlIjozMDAwMDAwMDAwMDAsImRlbGV0ZSI6MzAwMDAwMDAwMDAwLCJ1cGRhdGUiOjEyMDAwMDAwMDAwMH19",
          "dependencies": [
            "aws_eip.nat",
            "aws_nat_gateway.main",
            "aws_route_table.private",
            "aws_subnet.private",
            "aws_subnet.public",
            "aws_vpc.main"
          ]
        }
      ]
    },
    {
      "mode": "managed",
      "type": "aws_route_table_association",
      "name": "public",
      "provider": "provider[\"registry.terraform.io/hashicorp/aws\"]",
      "instances": [
        {
          "schema_version": 0,
          "attributes": {
            "gateway_id": "",
            "id": "rtbassoc-00857133060c10947",
            "route_table_id": "rtb-0db66287dc3328c65",
            "subnet_id": "subnet-06271db596eee71b0",
            "timeouts": null
          },
          "sensitive_attributes": [],
          "private": "eyJlMmJmYjczMC1lY2FhLTExZTYtOGY4OC0zNDM2M2JjN2M0YzAiOnsiY3JlYXRlIjozMDAwMDAwMDAwMDAsImRlbGV0ZSI6MzAwMDAwMDAwMDAwLCJ1cGRhdGUiOjEyMDAwMDAwMDAwMH19",
          "dependencies": [
            "aws_internet_gateway.main",
            "aws_route_table.public",
            "aws_subnet.public",
            "aws_vpc.main"
          ]
        }
      ]
    },
    {
      "mode": "managed",
      "type": "aws_s3_bucket",
      "name": "terraform-step3-bucket",
      "provider": "provider[\"registry.terraform.io/hashicorp/aws\"]",
      "instances": [
        {
          "schema_version": 0,
          "attributes": {
            "acceleration_status": "",
            "acl": null,
            "arn": "arn:aws:s3:::s3-bucket-step-project3",
            "bucket": "s3-bucket-step-project3",
            "bucket_domain_name": "s3-bucket-step-project3.s3.amazonaws.com",
            "bucket_prefix": "",
            "bucket_regional_domain_name": "s3-bucket-step-project3.s3.us-west-2.amazonaws.com",
            "cors_rule": [],
            "force_destroy": false,
            "grant": [
              {
                "id": "da2fc36e1c94b8320822104f70f9a33d90a7afd1fea939896aba26e4c985b953",
                "permissions": [
                  "FULL_CONTROL"
                ],
                "type": "CanonicalUser",
                "uri": ""
              }
            ],
            "hosted_zone_id": "Z3BJ6K6RIION7M",
            "id": "s3-bucket-step-project3",
            "lifecycle_rule": [],
            "logging": [],
            "object_lock_configuration": [],
            "object_lock_enabled": false,
            "policy": "",
            "region": "us-west-2",
            "replication_configuration": [],
            "request_payer": "BucketOwner",
            "server_side_encryption_configuration": [
              {
                "rule": [
                  {
                    "apply_server_side_encryption_by_default": [
                      {
                        "kms_master_key_id": "",
                        "sse_algorithm": "AES256"
                      }
                    ],
                    "bucket_key_enabled": false
                  }
                ]
              }
            ],
            "tags": {
              "Name": "Terraform STEP3 Bucket"
            },
            "tags_all": {
              "Name": "Terraform STEP3 Bucket"
            },
            "timeouts": null,
            "versioning": [
              {
                "enabled": false,
                "mfa_delete": false
              }
            ],
            "website": [],
            "website_domain": null,
            "website_endpoint": null
          },
          "sensitive_attributes": [],
          "private": "eyJlMmJmYjczMC1lY2FhLTExZTYtOGY4OC0zNDM2M2JjN2M0YzAiOnsiY3JlYXRlIjoxMjAwMDAwMDAwMDAwLCJkZWxldGUiOjM2MDAwMDAwMDAwMDAsInJlYWQiOjEyMDAwMDAwMDAwMDAsInVwZGF0ZSI6MTIwMDAwMDAwMDAwMH19"
        }
      ]
    },
    {
      "mode": "managed",
      "type": "aws_security_group",
      "name": "jenkins-sg-step3",
      "provider": "provider[\"registry.terraform.io/hashicorp/aws\"]",
      "instances": [
        {
          "schema_version": 1,
          "attributes": {
            "arn": "arn:aws:ec2:us-west-2:314146331566:security-group/sg-08ed481ea06413837",
            "description": "Managed by Terraform",
            "egress": [
              {
                "cidr_blocks": [
                  "0.0.0.0/0"
                ],
                "description": "",
                "from_port": 0,
                "ipv6_cidr_blocks": [],
                "prefix_list_ids": [],
                "protocol": "-1",
                "security_groups": [],
                "self": false,
                "to_port": 0
              }
            ],
            "id": "sg-08ed481ea06413837",
            "ingress": [
              {
                "cidr_blocks": [
                  "0.0.0.0/0"
                ],
                "description": "",
                "from_port": 22,
                "ipv6_cidr_blocks": [],
                "prefix_list_ids": [],
                "protocol": "tcp",
                "security_groups": [],
                "self": false,
                "to_port": 22
              },
              {
                "cidr_blocks": [
                  "0.0.0.0/0"
                ],
                "description": "",
                "from_port": 8080,
                "ipv6_cidr_blocks": [],
                "prefix_list_ids": [],
                "protocol": "tcp",
                "security_groups": [],
                "self": false,
                "to_port": 8080
              }
            ],
            "name": "terraform-20241215192259346000000001",
            "name_prefix": "terraform-",
            "owner_id": "314146331566",
            "revoke_rules_on_delete": false,
            "tags": {
              "Name": "Jenkins Security Group STEP 3"
            },
            "tags_all": {
              "Name": "Jenkins Security Group STEP 3"
            },
            "timeouts": null,
            "vpc_id": "vpc-00384bd46f8cf60d9"
          },
          "sensitive_attributes": [],
          "private": "eyJlMmJmYjczMC1lY2FhLTExZTYtOGY4OC0zNDM2M2JjN2M0YzAiOnsiY3JlYXRlIjo2MDAwMDAwMDAwMDAsImRlbGV0ZSI6OTAwMDAwMDAwMDAwfSwic2NoZW1hX3ZlcnNpb24iOiIxIn0=",
          "dependencies": [
            "aws_vpc.main"
          ]
        }
      ]
    },
    {
      "mode": "managed",
      "type": "aws_subnet",
      "name": "private",
      "provider": "provider[\"registry.terraform.io/hashicorp/aws\"]",
      "instances": [
        {
          "schema_version": 1,
          "attributes": {
            "arn": "arn:aws:ec2:us-west-2:314146331566:subnet/subnet-09e4515641b42863f",
            "assign_ipv6_address_on_creation": false,
            "availability_zone": "us-west-2a",
            "availability_zone_id": "usw2-az1",
            "cidr_block": "10.0.2.0/24",
            "customer_owned_ipv4_pool": "",
            "enable_dns64": false,
            "enable_lni_at_device_index": 0,
            "enable_resource_name_dns_a_record_on_launch": false,
            "enable_resource_name_dns_aaaa_record_on_launch": false,
            "id": "subnet-09e4515641b42863f",
            "ipv6_cidr_block": "",
            "ipv6_cidr_block_association_id": "",
            "ipv6_native": false,
            "map_customer_owned_ip_on_launch": false,
            "map_public_ip_on_launch": false,
            "outpost_arn": "",
            "owner_id": "314146331566",
            "private_dns_hostname_type_on_launch": "ip-name",
            "tags": {
              "Name": "Private Subnet"
            },
            "tags_all": {
              "Name": "Private Subnet"
            },
            "timeouts": null,
            "vpc_id": "vpc-00384bd46f8cf60d9"
          },
          "sensitive_attributes": [],
          "private": "eyJlMmJmYjczMC1lY2FhLTExZTYtOGY4OC0zNDM2M2JjN2M0YzAiOnsiY3JlYXRlIjo2MDAwMDAwMDAwMDAsImRlbGV0ZSI6MTIwMDAwMDAwMDAwMH0sInNjaGVtYV92ZXJzaW9uIjoiMSJ9",
          "dependencies": [
            "aws_vpc.main"
          ]
        }
      ]
    },
    {
      "mode": "managed",
      "type": "aws_subnet",
      "name": "public",
      "provider": "provider[\"registry.terraform.io/hashicorp/aws\"]",
      "instances": [
        {
          "schema_version": 1,
          "attributes": {
            "arn": "arn:aws:ec2:us-west-2:314146331566:subnet/subnet-06271db596eee71b0",
            "assign_ipv6_address_on_creation": false,
            "availability_zone": "us-west-2a",
            "availability_zone_id": "usw2-az1",
            "cidr_block": "10.0.1.0/24",
            "customer_owned_ipv4_pool": "",
            "enable_dns64": false,
            "enable_lni_at_device_index": 0,
            "enable_resource_name_dns_a_record_on_launch": false,
            "enable_resource_name_dns_aaaa_record_on_launch": false,
            "id": "subnet-06271db596eee71b0",
            "ipv6_cidr_block": "",
            "ipv6_cidr_block_association_id": "",
            "ipv6_native": false,
            "map_customer_owned_ip_on_launch": false,
            "map_public_ip_on_launch": true,
            "outpost_arn": "",
            "owner_id": "314146331566",
            "private_dns_hostname_type_on_launch": "ip-name",
            "tags": {
              "Name": "Public Subnet"
            },
            "tags_all": {
              "Name": "Public Subnet"
            },
            "timeouts": null,
            "vpc_id": "vpc-00384bd46f8cf60d9"
          },
          "sensitive_attributes": [],
          "private": "eyJlMmJmYjczMC1lY2FhLTExZTYtOGY4OC0zNDM2M2JjN2M0YzAiOnsiY3JlYXRlIjo2MDAwMDAwMDAwMDAsImRlbGV0ZSI6MTIwMDAwMDAwMDAwMH0sInNjaGVtYV92ZXJzaW9uIjoiMSJ9",
          "dependencies": [
            "aws_vpc.main"
          ]
        }
      ]
    },
    {
      "mode": "managed",
      "type": "aws_vpc",
      "name": "main",
      "provider": "provider[\"registry.terraform.io/hashicorp/aws\"]",
      "instances": [
        {
          "schema_version": 1,
          "attributes": {
            "arn": "arn:aws:ec2:us-west-2:314146331566:vpc/vpc-00384bd46f8cf60d9",
            "assign_generated_ipv6_cidr_block": false,
            "cidr_block": "10.0.0.0/16",
            "default_network_acl_id": "acl-050a4022c4bc7d2bb",
            "default_route_table_id": "rtb-05bd42a13ce9cb5db",
            "default_security_group_id": "sg-07c3b1982aab682e5",
            "dhcp_options_id": "dopt-0767109fad1b59487",
            "enable_dns_hostnames": false,
            "enable_dns_support": true,
            "enable_network_address_usage_metrics": false,
            "id": "vpc-00384bd46f8cf60d9",
            "instance_tenancy": "default",
            "ipv4_ipam_pool_id": null,
            "ipv4_netmask_length": null,
            "ipv6_association_id": "",
            "ipv6_cidr_block": "",
            "ipv6_cidr_block_network_border_group": "",
            "ipv6_ipam_pool_id": "",
            "ipv6_netmask_length": 0,
            "main_route_table_id": "rtb-05bd42a13ce9cb5db",
            "owner_id": "314146331566",
            "tags": {
              "Name": "Main VPC"
            },
            "tags_all": {
              "Name": "Main VPC"
            }
          },
          "sensitive_attributes": [],
          "private": "eyJzY2hlbWFfdmVyc2lvbiI6IjEifQ=="
        }
      ]
    },
    {
      "mode": "managed",
      "type": "tls_private_key",
      "name": "ssh_key",
      "provider": "provider[\"registry.terraform.io/hashicorp/tls\"]",
      "instances": [
        {
          "schema_version": 1,
          "attributes": {
            "algorithm": "RSA",
            "ecdsa_curve": "P224",
            "id": "f56fa2049b86433b7137d4941aec4ec66fd5e4af",
            "private_key_openssh": "-----BEGIN OPENSSH PRIVATE KEY-----\nb3BlbnNzaC1rZXktdjEAAAAABG5vbmUAAAAEbm9uZQAAAAAAAAABAAABFwAAAAdz\nc2gtcnNhAAAAAwEAAQAAAQEAnqtR/jGTUFpDGV3nqAc/nOiAKK9y7sLNzb4e3FrV\nvRgUwLGb5Xle7UbShJhaiqIibwBOg74EPvDGXJfAr8T3q2GhAff28VNn4InQF3aI\ntTXmsD2PNeFLA6uVA3kAVicgt8PUyWcZyBc3wZdVKtFDoJQzbRqOqd+/lmsobtUb\nV1WlTIuWtv0263+4lkdGW+3XzDYeMSoY1VxK2wQam/qLSviCFK24IzT1yHuWmFl3\nwLGiesTtCfI6PeSoZu4LdkUUm+McUJRZseiTOW+/N9XditrHf9AXo63x7aEzE/w6\nLT/sr9h0EvAvsO0KFVUhNixtJ6IY+Uek/LiHSj+rJjp7ywAAA7hrDYN8aw2DfAAA\nAAdzc2gtcnNhAAABAQCeq1H+MZNQWkMZXeeoBz+c6IAor3Luws3Nvh7cWtW9GBTA\nsZvleV7tRtKEmFqKoiJvAE6DvgQ+8MZcl8CvxPerYaEB9/bxU2fgidAXdoi1Neaw\nPY814UsDq5UDeQBWJyC3w9TJZxnIFzfBl1Uq0UOglDNtGo6p37+Wayhu1RtXVaVM\ni5a2/Tbrf7iWR0Zb7dfMNh4xKhjVXErbBBqb+otK+IIUrbgjNPXIe5aYWXfAsaJ6\nxO0J8jo95Khm7gt2RRSb4xxQlFmx6JM5b7831d2K2sd/0BejrfHtoTMT/DotP+yv\n2HQS8C+w7QoVVSE2LG0nohj5R6T8uIdKP6smOnvLAAAAAwEAAQAAAQEAnfAknqUU\nYRBn6BEsLXqBnJtmLpluCzIHj7umlmsohKA60BA7APGORxuPI4NP5N0870bb4JE9\nQrWCjdpUZ+HlMkfs77u2qEMAjGZBp4lKzS4JIfc03UoT1GRv4NQKPLeX/rPE1HF3\nHU/XJTGRChzhdy7t/bVIutlIqN6jkac5HvVFI6fC6f9uh/LTOsAyp8GQutuCXrvD\nko1J5UypeNvpJj7jMBmRqt/5TPyp6ajGGcH5S5Xuorg/6pvMeXl95g7bqhAsSXYz\n64S5qMcviyrPW7ThsNBf4sZ+5VkTBEQlt+rKeFNUAP75KyJvAzYimHVz6ULebvPS\nCkDWJ8fe3m1RkQAAAIBPNFiNBfMM+soe0LfMlDgj1XGPim0qvKRVjuPISK4Hy+Sm\nBhez4nf4QyZsDdTXhpzGcUzD1iWMrjrCueOQZlleQG2UJA8gGsr1PxrT3pLuPkqf\nyqIXTC7NtVYLsGeAiaiyqzVX8bOH+Wt79NnPh5ulMYmtlwNYdFtwj2Vi7zdVlQAA\nAIEAwlBlRd4ZdN8syYTOJNos1saQpmfVrwffGmYxdCAJX6Qv3mWc/laq3a+wPa7w\ndGBVbwpjXCrzKeXGMw/GM/BdkotvbgVYV2LbgI0EPyDyoA5yswtiKCCFG+SGK9ox\niJY3Z/E8Vplzyuauo7dAVYsd2XtlIVYHCC+KvgPOiIu4/IMAAACBANEKH9ir1G5/\ntT57RRjrtFuqzWqHf+CZ2p3b3kBaVkaFOCNZLv2d1YmgUbsEcBr0jV4yGBpF5itw\nHfWrxV1cuFPeNsZU3NcHcTtCo0dZ0pZhaRlBYNhr3A8XWM1+kmZqlL47FawR0ofn\nbBr1xgE4bcA04tr9v8NPYgBCeXG5PHEZAAAAAAEC\n-----END OPENSSH PRIVATE KEY-----\n",
            "private_key_pem": "-----BEGIN RSA PRIVATE KEY-----\nMIIEpAIBAAKCAQEAnqtR/jGTUFpDGV3nqAc/nOiAKK9y7sLNzb4e3FrVvRgUwLGb\n5Xle7UbShJhaiqIibwBOg74EPvDGXJfAr8T3q2GhAff28VNn4InQF3aItTXmsD2P\nNeFLA6uVA3kAVicgt8PUyWcZyBc3wZdVKtFDoJQzbRqOqd+/lmsobtUbV1WlTIuW\ntv0263+4lkdGW+3XzDYeMSoY1VxK2wQam/qLSviCFK24IzT1yHuWmFl3wLGiesTt\nCfI6PeSoZu4LdkUUm+McUJRZseiTOW+/N9XditrHf9AXo63x7aEzE/w6LT/sr9h0\nEvAvsO0KFVUhNixtJ6IY+Uek/LiHSj+rJjp7ywIDAQABAoIBAQCd8CSepRRhEGfo\nESwteoGcm2YumW4LMgePu6aWayiEoDrQEDsA8Y5HG48jg0/k3TzvRtvgkT1CtYKN\n2lRn4eUyR+zvu7aoQwCMZkGniUrNLgkh9zTdShPUZG/g1Ao8t5f+s8TUcXcdT9cl\nMZEKHOF3Lu39tUi62Uio3qORpzke9UUjp8Lp/26H8tM6wDKnwZC624Jeu8OSjUnl\nTKl42+kmPuMwGZGq3/lM/KnpqMYZwflLle6iuD/qm8x5eX3mDtuqECxJdjPrhLmo\nxy+LKs9btOGw0F/ixn7lWRMERCW36sp4U1QA/vkrIm8DNiKYdXPpQt5u89IKQNYn\nx97ebVGRAoGBAMJQZUXeGXTfLMmEziTaLNbGkKZn1a8H3xpmMXQgCV+kL95lnP5W\nqt2vsD2u8HRgVW8KY1wq8ynlxjMPxjPwXZKLb24FWFdi24CNBD8g8qAOcrMLYigg\nhRvkhivaMYiWN2fxPFaZc8rmrqO3QFWLHdl7ZSFWBwgvir4DzoiLuPyDAoGBANEK\nH9ir1G5/tT57RRjrtFuqzWqHf+CZ2p3b3kBaVkaFOCNZLv2d1YmgUbsEcBr0jV4y\nGBpF5itwHfWrxV1cuFPeNsZU3NcHcTtCo0dZ0pZhaRlBYNhr3A8XWM1+kmZqlL47\nFawR0ofnbBr1xgE4bcA04tr9v8NPYgBCeXG5PHEZAoGAHxBVMFcyQKHQ+iJWBkQu\nuOMjisa8vW+HtiOyMjtQ5E5OLMKX130pcak9ho7p9+DSp57EhZ6EIyWNiuoxqGn7\nu4q49KC8H7Q5HRLuI91zjCzjH0ZpmbqhLPVakbYfBxPkpaRGHh4ICd7Y+mk4SrSj\nv/nfD/Y9x4w6JOhc4y1bFFsCgYEAhuCPd9A2+y0vlqcXCGNdNiBY9jmDizn6UwzA\ntKkVLd9bP4OVzFKAq5Jj6dWNN/c/F94eqyUaxEBNNGympfzjeknQ8dtjuuK0btYq\nYClWtW0Y0RDcGghOLvaTd9QJRkfSvYOGEkZVnxb1K9gU8Eiml/QHw+EiUDTyONSr\nY3NvylECgYBPNFiNBfMM+soe0LfMlDgj1XGPim0qvKRVjuPISK4Hy+SmBhez4nf4\nQyZsDdTXhpzGcUzD1iWMrjrCueOQZlleQG2UJA8gGsr1PxrT3pLuPkqfyqIXTC7N\ntVYLsGeAiaiyqzVX8bOH+Wt79NnPh5ulMYmtlwNYdFtwj2Vi7zdVlQ==\n-----END RSA PRIVATE KEY-----\n",
            "private_key_pem_pkcs8": "-----BEGIN PRIVATE KEY-----\nMIIEvgIBADANBgkqhkiG9w0BAQEFAASCBKgwggSkAgEAAoIBAQCeq1H+MZNQWkMZ\nXeeoBz+c6IAor3Luws3Nvh7cWtW9GBTAsZvleV7tRtKEmFqKoiJvAE6DvgQ+8MZc\nl8CvxPerYaEB9/bxU2fgidAXdoi1NeawPY814UsDq5UDeQBWJyC3w9TJZxnIFzfB\nl1Uq0UOglDNtGo6p37+Wayhu1RtXVaVMi5a2/Tbrf7iWR0Zb7dfMNh4xKhjVXErb\nBBqb+otK+IIUrbgjNPXIe5aYWXfAsaJ6xO0J8jo95Khm7gt2RRSb4xxQlFmx6JM5\nb7831d2K2sd/0BejrfHtoTMT/DotP+yv2HQS8C+w7QoVVSE2LG0nohj5R6T8uIdK\nP6smOnvLAgMBAAECggEBAJ3wJJ6lFGEQZ+gRLC16gZybZi6ZbgsyB4+7ppZrKISg\nOtAQOwDxjkcbjyODT+TdPO9G2+CRPUK1go3aVGfh5TJH7O+7tqhDAIxmQaeJSs0u\nCSH3NN1KE9Rkb+DUCjy3l/6zxNRxdx1P1yUxkQoc4Xcu7f21SLrZSKjeo5GnOR71\nRSOnwun/bofy0zrAMqfBkLrbgl67w5KNSeVMqXjb6SY+4zAZkarf+Uz8qemoxhnB\n+UuV7qK4P+qbzHl5feYO26oQLEl2M+uEuajHL4sqz1u04bDQX+LGfuVZEwREJbfq\nynhTVAD++SsibwM2Iph1c+lC3m7z0gpA1ifH3t5tUZECgYEAwlBlRd4ZdN8syYTO\nJNos1saQpmfVrwffGmYxdCAJX6Qv3mWc/laq3a+wPa7wdGBVbwpjXCrzKeXGMw/G\nM/BdkotvbgVYV2LbgI0EPyDyoA5yswtiKCCFG+SGK9oxiJY3Z/E8Vplzyuauo7dA\nVYsd2XtlIVYHCC+KvgPOiIu4/IMCgYEA0Qof2KvUbn+1PntFGOu0W6rNaod/4Jna\nndveQFpWRoU4I1ku/Z3ViaBRuwRwGvSNXjIYGkXmK3Ad9avFXVy4U942xlTc1wdx\nO0KjR1nSlmFpGUFg2GvcDxdYzX6SZmqUvjsVrBHSh+dsGvXGAThtwDTi2v2/w09i\nAEJ5cbk8cRkCgYAfEFUwVzJAodD6IlYGRC644yOKxry9b4e2I7IyO1DkTk4swpfX\nfSlxqT2Gjun34NKnnsSFnoQjJY2K6jGoafu7irj0oLwftDkdEu4j3XOMLOMfRmmZ\nuqEs9VqRth8HE+SlpEYeHggJ3tj6aThKtKO/+d8P9j3HjDok6FzjLVsUWwKBgQCG\n4I930Db7LS+WpxcIY102IFj2OYOLOfpTDMC0qRUt31s/g5XMUoCrkmPp1Y039z8X\n3h6rJRrEQE00bKal/ON6SdDx22O64rRu1ipgKVa1bRjRENwaCE4u9pN31AlGR9K9\ng4YSRlWfFvUr2BTwSKaX9AfD4SJQNPI41Ktjc2/KUQKBgE80WI0F8wz6yh7Qt8yU\nOCPVcY+KbSq8pFWO48hIrgfL5KYGF7Pid/hDJmwN1NeGnMZxTMPWJYyuOsK545Bm\nWV5AbZQkDyAayvU/GtPeku4+Sp/KohdMLs21VguwZ4CJqLKrNVfxs4f5a3v02c+H\nm6Uxia2XA1h0W3CPZWLvN1WV\n-----END PRIVATE KEY-----\n",
            "public_key_fingerprint_md5": "00:c7:c7:62:5e:7c:94:1a:eb:69:f6:b7:ea:ab:f8:a9",
            "public_key_fingerprint_sha256": "SHA256:MN7i4QBh8Tz9A7kA7V2ATp+7n536wS7mWNCRydOYP9U",
            "public_key_openssh": "ssh-rsa AAAAB3NzaC1yc2EAAAADAQABAAABAQCeq1H+MZNQWkMZXeeoBz+c6IAor3Luws3Nvh7cWtW9GBTAsZvleV7tRtKEmFqKoiJvAE6DvgQ+8MZcl8CvxPerYaEB9/bxU2fgidAXdoi1NeawPY814UsDq5UDeQBWJyC3w9TJZxnIFzfBl1Uq0UOglDNtGo6p37+Wayhu1RtXVaVMi5a2/Tbrf7iWR0Zb7dfMNh4xKhjVXErbBBqb+otK+IIUrbgjNPXIe5aYWXfAsaJ6xO0J8jo95Khm7gt2RRSb4xxQlFmx6JM5b7831d2K2sd/0BejrfHtoTMT/DotP+yv2HQS8C+w7QoVVSE2LG0nohj5R6T8uIdKP6smOnvL\n",
            "public_key_pem": "-----BEGIN PUBLIC KEY-----\nMIIBIjANBgkqhkiG9w0BAQEFAAOCAQ8AMIIBCgKCAQEAnqtR/jGTUFpDGV3nqAc/\nnOiAKK9y7sLNzb4e3FrVvRgUwLGb5Xle7UbShJhaiqIibwBOg74EPvDGXJfAr8T3\nq2GhAff28VNn4InQF3aItTXmsD2PNeFLA6uVA3kAVicgt8PUyWcZyBc3wZdVKtFD\noJQzbRqOqd+/lmsobtUbV1WlTIuWtv0263+4lkdGW+3XzDYeMSoY1VxK2wQam/qL\nSviCFK24IzT1yHuWmFl3wLGiesTtCfI6PeSoZu4LdkUUm+McUJRZseiTOW+/N9Xd\nitrHf9AXo63x7aEzE/w6LT/sr9h0EvAvsO0KFVUhNixtJ6IY+Uek/LiHSj+rJjp7\nywIDAQAB\n-----END PUBLIC KEY-----\n",
            "rsa_bits": 2048
          },
          "sensitive_attributes": []
        }
      ]
    }
  ],
  "check_results": null
}
